PODS:
  - dsBridge (3.0.5)
  - White-SDK-iOS (1.1.4):
    - dsBridge (~> 3.0.2)
    - YYModel (~> 1.0.4)
  - YYModel (1.0.4)

DEPENDENCIES:
  - White-SDK-iOS

SPEC REPOS:
  https://github.com/cocoapods/specs.git:
    - dsBridge
    - White-SDK-iOS
    - YYModel

SPEC CHECKSUMS:
  dsBridge: 6ef092a7abdbe33f24b20d19edae1ca0ab99ded9
  White-SDK-iOS: 61bc25c872080e1aa74e9e5b22c681cc86b839a5
  YYModel: 2a7fdd96aaa4b86a824e26d0c517de8928c04b30

PODFILE CHECKSUM: 649d265a4f325efcd133b87f3fac0df5a1427754

COCOAPODS: 1.5.3
